
Microsoft Visual Studio Solution File, Format Version 12.00
# Visual Studio Version 17
VisualStudioVersion = 17.11.35222.181
MinimumVisualStudioVersion = 10.0.40219.1
Project("{FAE04EC0-301F-11D3-BF4B-00C04F79EFBC}") = "AttributeClassLibrary", "AttributeClassLibrary\AttributeClassLibrary.csproj", "{A363D8D3-6F02-4C3E-8D55-9D005112A562}"
EndProject
Global
	GlobalSection(SolutionConfigurationPlatforms) = preSolution
		Debug|Any CPU = Debug|Any CPU
		Release|Any CPU = Release|Any CPU
	EndGlobalSection
	GlobalSection(ProjectConfigurationPlatforms) = postSolution
		{A363D8D3-6F02-4C3E-8D55-9D005112A562}.Debug|Any CPU.ActiveCfg = Debug|Any CPU
		{A363D8D3-6F02-4C3E-8D55-9D005112A562}.Debug|Any CPU.Build.0 = Debug|Any CPU
		{A363D8D3-6F02-4C3E-8D55-9D005112A562}.Release|Any CPU.ActiveCfg = Release|Any CPU
		{A363D8D3-6F02-4C3E-8D55-9D005112A562}.Release|Any CPU.Build.0 = Release|Any CPU
	EndGlobalSection
	GlobalSection(SolutionProperties) = preSolution
		HideSolutionNode = FALSE
	EndGlobalSection
	GlobalSection(ExtensibilityGlobals) = postSolution
		SolutionGuid = {F52E9C1A-AA55-40B9-8B4B-170F2201C86E}
	EndGlobalSection
EndGlobal
